
Microsoft Visual Studio Solution File, Format Version 12.00
# Visual Studio Version 17
VisualStudioVersion = 17.9.34616.47
MinimumVisualStudioVersion = 10.0.40219.1
Project("{8BC9CEB8-8B4A-11D0-8D11-00A0C91BC942}") = "0050_Doublelinkedlist", "0050_Doublelinkedlist.vcxproj", "{0A58377E-4929-4282-9947-44F36DB41CA2}"
EndProject
Project("{8BC9CEB8-8B4A-11D0-8D11-00A0C91BC942}") = "Contoh 2", "..\Contoh 2\Contoh 2.vcxproj", "{CBCE9D22-D196-4D9A-9978-C37E43696D00}"
EndProject
Project("{8BC9CEB8-8B4A-11D0-8D11-00A0C91BC942}") = "Contoh 3", "..\Contoh 3\Contoh 3.vcxproj", "{2F47C1B8-52B9-4472-9127-59FFAD666148}"
EndProject
Project("{8BC9CEB8-8B4A-11D0-8D11-00A0C91BC942}") = "Contoh 4", "..\Contoh 4\Contoh 4.vcxproj", "{FCDFF3D6-3758-4E55-83D6-A76C7670A5F5}"
EndProject
Global
	GlobalSection(SolutionConfigurationPlatforms) = preSolution
		Debug|x64 = Debug|x64
		Debug|x86 = Debug|x86
		Release|x64 = Release|x64
		Release|x86 = Release|x86
	EndGlobalSection
	GlobalSection(ProjectConfigurationPlatforms) = postSolution
		{0A58377E-4929-4282-9947-44F36DB41CA2}.Debug|x64.ActiveCfg = Debug|x64
		{0A58377E-4929-4282-9947-44F36DB41CA2}.Debug|x64.Build.0 = Debug|x64
		{0A58377E-4929-4282-9947-44F36DB41CA2}.Debug|x86.ActiveCfg = Debug|Win32
		{0A58377E-4929-4282-9947-44F36DB41CA2}.Debug|x86.Build.0 = Debug|Win32
		{0A58377E-4929-4282-9947-44F36DB41CA2}.Release|x64.ActiveCfg = Release|x64
		{0A58377E-4929-4282-9947-44F36DB41CA2}.Release|x64.Build.0 = Release|x64
		{0A58377E-4929-4282-9947-44F36DB41CA2}.Release|x86.ActiveCfg = Release|Win32
		{0A58377E-4929-4282-9947-44F36DB41CA2}.Release|x86.Build.0 = Release|Win32
		{CBCE9D22-D196-4D9A-9978-C37E43696D00}.Debug|x64.ActiveCfg = Debug|x64
		{CBCE9D22-D196-4D9A-9978-C37E43696D00}.Debug|x64.Build.0 = Debug|x64
		{CBCE9D22-D196-4D9A-9978-C37E43696D00}.Debug|x86.ActiveCfg = Debug|Win32
		{CBCE9D22-D196-4D9A-9978-C37E43696D00}.Debug|x86.Build.0 = Debug|Win32
		{CBCE9D22-D196-4D9A-9978-C37E43696D00}.Release|x64.ActiveCfg = Release|x64
		{CBCE9D22-D196-4D9A-9978-C37E43696D00}.Release|x64.Build.0 = Release|x64
		{CBCE9D22-D196-4D9A-9978-C37E43696D00}.Release|x86.ActiveCfg = Release|Win32
		{CBCE9D22-D196-4D9A-9978-C37E43696D00}.Release|x86.Build.0 = Release|Win32
		{2F47C1B8-52B9-4472-9127-59FFAD666148}.Debug|x64.ActiveCfg = Debug|x64
		{2F47C1B8-52B9-4472-9127-59FFAD666148}.Debug|x64.Build.0 = Debug|x64
		{2F47C1B8-52B9-4472-9127-59FFAD666148}.Debug|x86.ActiveCfg = Debug|Win32
		{2F47C1B8-52B9-4472-9127-59FFAD666148}.Debug|x86.Build.0 = Debug|Win32
		{2F47C1B8-52B9-4472-9127-59FFAD666148}.Release|x64.ActiveCfg = Release|x64
		{2F47C1B8-52B9-4472-9127-59FFAD666148}.Release|x64.Build.0 = Release|x64
		{2F47C1B8-52B9-4472-9127-59FFAD666148}.Release|x86.ActiveCfg = Release|Win32
		{2F47C1B8-52B9-4472-9127-59FFAD666148}.Release|x86.Build.0 = Release|Win32
		{FCDFF3D6-3758-4E55-83D6-A76C7670A5F5}.Debug|x64.ActiveCfg = Debug|x64
		{FCDFF3D6-3758-4E55-83D6-A76C7670A5F5}.Debug|x64.Build.0 = Debug|x64
		{FCDFF3D6-3758-4E55-83D6-A76C7670A5F5}.Debug|x86.ActiveCfg = Debug|Win32
		{FCDFF3D6-3758-4E55-83D6-A76C7670A5F5}.Debug|x86.Build.0 = Debug|Win32
		{FCDFF3D6-3758-4E55-83D6-A76C7670A5F5}.Release|x64.ActiveCfg = Release|x64
		{FCDFF3D6-3758-4E55-83D6-A76C7670A5F5}.Release|x64.Build.0 = Release|x64
		{FCDFF3D6-3758-4E55-83D6-A76C7670A5F5}.Release|x86.ActiveCfg = Release|Win32
		{FCDFF3D6-3758-4E55-83D6-A76C7670A5F5}.Release|x86.Build.0 = Release|Win32
	EndGlobalSection
	GlobalSection(SolutionProperties) = preSolution
		HideSolutionNode = FALSE
	EndGlobalSection
	GlobalSection(ExtensibilityGlobals) = postSolution
		SolutionGuid = {D2FB8D0C-0438-4C04-B97D-6812733BF354}
	EndGlobalSection
EndGlobal
